{
  "version": 4,
  "terraform_version": "1.5.7",
  "serial": 8,
  "lineage": "ddca1eaa-51ed-d7ac-00ed-26192ad57e00",
  "outputs": {},
  "resources": [
    {
      "mode": "data",
      "type": "yandex_compute_image",
      "name": "ubuntu",
      "provider": "provider[\"registry.terraform.io/yandex-cloud/yandex\"]",
      "instances": [
        {
          "schema_version": 0,
          "attributes": {
            "created_at": "2024-03-25T10:57:19Z",
            "description": "ubuntu 22.04 lts",
            "family": "ubuntu-2204-lts",
            "folder_id": "standard-images",
            "id": "fd833v6c5tb0udvk4jo6",
            "image_id": "fd833v6c5tb0udvk4jo6",
            "labels": {},
            "min_disk_size": 8,
            "name": "ubuntu-22-04-lts-v20240325",
            "os_type": "linux",
            "pooled": true,
            "product_ids": [
              "f2e96dbk5hv825rcb2rj"
            ],
            "size": 7,
            "status": "ready"
          },
          "sensitive_attributes": []
        }
      ]
    },
    {
      "mode": "managed",
      "type": "yandex_compute_instance",
      "name": "vm1",
      "provider": "provider[\"registry.terraform.io/yandex-cloud/yandex\"]",
      "instances": [
        {
          "status": "tainted",
          "schema_version": 1,
          "attributes": {
            "allow_recreate": null,
            "allow_stopping_for_update": null,
            "boot_disk": [
              {
                "auto_delete": true,
                "device_name": "",
                "disk_id": "",
                "initialize_params": [
                  {
                    "block_size": 0,
                    "description": "",
                    "image_id": "fd833v6c5tb0udvk4jo6",
                    "name": "",
                    "size": 0,
                    "snapshot_id": "",
                    "type": "network-hdd"
                  }
                ],
                "mode": ""
              }
            ],
            "created_at": null,
            "description": null,
            "filesystem": [],
            "folder_id": null,
            "fqdn": null,
            "gpu_cluster_id": null,
            "hostname": null,
            "id": "fhm15lh0o8veun74sppj",
            "labels": null,
            "local_disk": [],
            "maintenance_grace_period": null,
            "maintenance_policy": null,
            "metadata": {
              "serial-port-enable": "1",
              "ssh-keys": "ubuntu:ssh-ed25519 AAAAC3NzaC1lZDI1NTE5AAAAIE6bo5J26oigAlhJ1BXes4QPjev+jhymj81n9e8nE5tx i.arihin@DZ-201-40M.local"
            },
            "metadata_options": null,
            "name": "ubuntu-2204-lts",
            "network_acceleration_type": "standard",
            "network_interface": [
              {
                "dns_record": [],
                "index": 0,
                "ip_address": "",
                "ipv4": true,
                "ipv6": false,
                "ipv6_address": "",
                "ipv6_dns_record": [],
                "mac_address": "",
                "nat": true,
                "nat_dns_record": [],
                "nat_ip_address": "",
                "nat_ip_version": "",
                "security_group_ids": [],
                "subnet_id": "e9bbs6db7d0ss73jui2j"
              }
            ],
            "placement_policy": null,
            "platform_id": "standard-v1",
            "resources": [
              {
                "core_fraction": 5,
                "cores": 2,
                "gpus": 0,
                "memory": 1
              }
            ],
            "scheduling_policy": [
              {
                "preemptible": true
              }
            ],
            "secondary_disk": [],
            "service_account_id": null,
            "status": null,
            "timeouts": null,
            "zone": null
          },
          "sensitive_attributes": [],
          "private": "eyJlMmJmYjczMC1lY2FhLTExZTYtOGY4OC0zNDM2M2JjN2M0YzAiOnsiY3JlYXRlIjozMDAwMDAwMDAwMDAsImRlbGV0ZSI6MzAwMDAwMDAwMDAwLCJ1cGRhdGUiOjMwMDAwMDAwMDAwMH0sInNjaGVtYV92ZXJzaW9uIjoiMSJ9",
          "dependencies": [
            "data.yandex_compute_image.ubuntu",
            "yandex_vpc_subnet.develop"
          ]
        }
      ]
    },
    {
      "mode": "managed",
      "type": "yandex_vpc_network",
      "name": "develop",
      "provider": "provider[\"registry.terraform.io/yandex-cloud/yandex\"]",
      "instances": [
        {
          "schema_version": 0,
          "attributes": {
            "created_at": "2024-03-25T18:58:24Z",
            "default_security_group_id": "enpr2tcm7dofo2k5jo4b",
            "description": "",
            "folder_id": "b1gbsq28r4oidc36tbpb",
            "id": "enp6al91mcv1n3ng7ivk",
            "labels": {},
            "name": "develop",
            "subnet_ids": [
              "e9bbs6db7d0ss73jui2j"
            ],
            "timeouts": null
          },
          "sensitive_attributes": [],
          "private": "eyJlMmJmYjczMC1lY2FhLTExZTYtOGY4OC0zNDM2M2JjN2M0YzAiOnsiY3JlYXRlIjo2MDAwMDAwMDAwMCwiZGVsZXRlIjo2MDAwMDAwMDAwMCwidXBkYXRlIjo2MDAwMDAwMDAwMH19"
        }
      ]
    },
    {
      "mode": "managed",
      "type": "yandex_vpc_subnet",
      "name": "develop",
      "provider": "provider[\"registry.terraform.io/yandex-cloud/yandex\"]",
      "instances": [
        {
          "schema_version": 0,
          "attributes": {
            "created_at": "2024-03-25T18:58:26Z",
            "description": "",
            "dhcp_options": [],
            "folder_id": "b1gbsq28r4oidc36tbpb",
            "id": "e9bbs6db7d0ss73jui2j",
            "labels": {},
            "name": "develop",
            "network_id": "enp6al91mcv1n3ng7ivk",
            "route_table_id": "",
            "timeouts": null,
            "v4_cidr_blocks": [
              "10.0.1.0/24"
            ],
            "v6_cidr_blocks": [],
            "zone": "ru-central1-a"
          },
          "sensitive_attributes": [],
          "private": "eyJlMmJmYjczMC1lY2FhLTExZTYtOGY4OC0zNDM2M2JjN2M0YzAiOnsiY3JlYXRlIjoxODAwMDAwMDAwMDAsImRlbGV0ZSI6MTgwMDAwMDAwMDAwLCJ1cGRhdGUiOjE4MDAwMDAwMDAwMH19",
          "dependencies": [
            "yandex_vpc_network.develop"
          ]
        }
      ]
    }
  ],
  "check_results": null
}
